
Microsoft Visual Studio Solution File, Format Version 12.00
# Visual Studio Version 17
VisualStudioVersion = 17.9.34607.119
MinimumVisualStudioVersion = 10.0.40219.1
Project("{FAE04EC0-301F-11D3-BF4B-00C04F79EFBC}") = "DH01GroupProject", "DH01GroupProject\DH01GroupProject.csproj", "{EC0CBC10-5290-4CD4-B4C5-B9223B5F3120}"
EndProject
Global
	GlobalSection(SolutionConfigurationPlatforms) = preSolution
		Debug|Any CPU = Debug|Any CPU
		Release|Any CPU = Release|Any CPU
	EndGlobalSection
	GlobalSection(ProjectConfigurationPlatforms) = postSolution
		{EC0CBC10-5290-4CD4-B4C5-B9223B5F3120}.Debug|Any CPU.ActiveCfg = Debug|Any CPU
		{EC0CBC10-5290-4CD4-B4C5-B9223B5F3120}.Debug|Any CPU.Build.0 = Debug|Any CPU
		{EC0CBC10-5290-4CD4-B4C5-B9223B5F3120}.Release|Any CPU.ActiveCfg = Release|Any CPU
		{EC0CBC10-5290-4CD4-B4C5-B9223B5F3120}.Release|Any CPU.Build.0 = Release|Any CPU
	EndGlobalSection
	GlobalSection(SolutionProperties) = preSolution
		HideSolutionNode = FALSE
	EndGlobalSection
	GlobalSection(ExtensibilityGlobals) = postSolution
		SolutionGuid = {3792F199-F2C2-41DB-A95B-CD71AC91E580}
	EndGlobalSection
EndGlobal
